
Microsoft Visual Studio Solution File, Format Version 12.00
# Visual Studio 2012
Project("{FAE04EC0-301F-11D3-BF4B-00C04F79EFBC}") = "Unidadse de longitud1", "Unidadse de longitud1\Unidadse de longitud1.csproj", "{51EC3234-2B9F-4D82-9259-7671301BCA32}"
EndProject
Global
	GlobalSection(SolutionConfigurationPlatforms) = preSolution
		Debug|Any CPU = Debug|Any CPU
		Release|Any CPU = Release|Any CPU
	EndGlobalSection
	GlobalSection(ProjectConfigurationPlatforms) = postSolution
		{51EC3234-2B9F-4D82-9259-7671301BCA32}.Debug|Any CPU.ActiveCfg = Debug|Any CPU
		{51EC3234-2B9F-4D82-9259-7671301BCA32}.Debug|Any CPU.Build.0 = Debug|Any CPU
		{51EC3234-2B9F-4D82-9259-7671301BCA32}.Release|Any CPU.ActiveCfg = Release|Any CPU
		{51EC3234-2B9F-4D82-9259-7671301BCA32}.Release|Any CPU.Build.0 = Release|Any CPU
	EndGlobalSection
	GlobalSection(SolutionProperties) = preSolution
		HideSolutionNode = FALSE
	EndGlobalSection
EndGlobal
